
Microsoft Visual Studio Solution File, Format Version 12.00
# Visual Studio 15
VisualStudioVersion = 15.0.27703.2035
MinimumVisualStudioVersion = 10.0.40219.1
Project("{8BC9CEB8-8B4A-11D0-8D11-00A0C91BC942}") = "Basics", "Basics\Basics.vcxproj", "{AB2B0F31-582D-4229-94ED-C58B280F8FF8}"
EndProject
Project("{8BC9CEB8-8B4A-11D0-8D11-00A0C91BC942}") = "Arrays", "Arrays\Arrays.vcxproj", "{4C7FABEE-F3F1-4B11-BDB9-537088E41EC3}"
EndProject
Project("{8BC9CEB8-8B4A-11D0-8D11-00A0C91BC942}") = "StackVsHeap", "StackVsHeap\StackVsHeap.vcxproj", "{DE3E5F44-FC0C-450C-9D51-7EBBC9E093DF}"
EndProject
Project("{8BC9CEB8-8B4A-11D0-8D11-00A0C91BC942}") = "Classes", "Classes\Classes.vcxproj", "{FA0C9EEE-FADB-4903-911D-1F1468DEE56D}"
EndProject
Project("{8BC9CEB8-8B4A-11D0-8D11-00A0C91BC942}") = "Functions", "Functions\Functions.vcxproj", "{0D15E11A-5E64-4D87-9E20-9DBAAAF0C60F}"
EndProject
Global
	GlobalSection(SolutionConfigurationPlatforms) = preSolution
		Debug|x64 = Debug|x64
		Debug|x86 = Debug|x86
		Release|x64 = Release|x64
		Release|x86 = Release|x86
	EndGlobalSection
	GlobalSection(ProjectConfigurationPlatforms) = postSolution
		{AB2B0F31-582D-4229-94ED-C58B280F8FF8}.Debug|x64.ActiveCfg = Debug|x64
		{AB2B0F31-582D-4229-94ED-C58B280F8FF8}.Debug|x64.Build.0 = Debug|x64
		{AB2B0F31-582D-4229-94ED-C58B280F8FF8}.Debug|x86.ActiveCfg = Debug|Win32
		{AB2B0F31-582D-4229-94ED-C58B280F8FF8}.Debug|x86.Build.0 = Debug|Win32
		{AB2B0F31-582D-4229-94ED-C58B280F8FF8}.Release|x64.ActiveCfg = Release|x64
		{AB2B0F31-582D-4229-94ED-C58B280F8FF8}.Release|x64.Build.0 = Release|x64
		{AB2B0F31-582D-4229-94ED-C58B280F8FF8}.Release|x86.ActiveCfg = Release|Win32
		{AB2B0F31-582D-4229-94ED-C58B280F8FF8}.Release|x86.Build.0 = Release|Win32
		{4C7FABEE-F3F1-4B11-BDB9-537088E41EC3}.Debug|x64.ActiveCfg = Debug|x64
		{4C7FABEE-F3F1-4B11-BDB9-537088E41EC3}.Debug|x64.Build.0 = Debug|x64
		{4C7FABEE-F3F1-4B11-BDB9-537088E41EC3}.Debug|x86.ActiveCfg = Debug|Win32
		{4C7FABEE-F3F1-4B11-BDB9-537088E41EC3}.Debug|x86.Build.0 = Debug|Win32
		{4C7FABEE-F3F1-4B11-BDB9-537088E41EC3}.Release|x64.ActiveCfg = Release|x64
		{4C7FABEE-F3F1-4B11-BDB9-537088E41EC3}.Release|x64.Build.0 = Release|x64
		{4C7FABEE-F3F1-4B11-BDB9-537088E41EC3}.Release|x86.ActiveCfg = Release|Win32
		{4C7FABEE-F3F1-4B11-BDB9-537088E41EC3}.Release|x86.Build.0 = Release|Win32
		{DE3E5F44-FC0C-450C-9D51-7EBBC9E093DF}.Debug|x64.ActiveCfg = Debug|x64
		{DE3E5F44-FC0C-450C-9D51-7EBBC9E093DF}.Debug|x64.Build.0 = Debug|x64
		{DE3E5F44-FC0C-450C-9D51-7EBBC9E093DF}.Debug|x86.ActiveCfg = Debug|Win32
		{DE3E5F44-FC0C-450C-9D51-7EBBC9E093DF}.Debug|x86.Build.0 = Debug|Win32
		{DE3E5F44-FC0C-450C-9D51-7EBBC9E093DF}.Release|x64.ActiveCfg = Release|x64
		{DE3E5F44-FC0C-450C-9D51-7EBBC9E093DF}.Release|x64.Build.0 = Release|x64
		{DE3E5F44-FC0C-450C-9D51-7EBBC9E093DF}.Release|x86.ActiveCfg = Release|Win32
		{DE3E5F44-FC0C-450C-9D51-7EBBC9E093DF}.Release|x86.Build.0 = Release|Win32
		{FA0C9EEE-FADB-4903-911D-1F1468DEE56D}.Debug|x64.ActiveCfg = Debug|x64
		{FA0C9EEE-FADB-4903-911D-1F1468DEE56D}.Debug|x64.Build.0 = Debug|x64
		{FA0C9EEE-FADB-4903-911D-1F1468DEE56D}.Debug|x86.ActiveCfg = Debug|Win32
		{FA0C9EEE-FADB-4903-911D-1F1468DEE56D}.Debug|x86.Build.0 = Debug|Win32
		{FA0C9EEE-FADB-4903-911D-1F1468DEE56D}.Release|x64.ActiveCfg = Release|x64
		{FA0C9EEE-FADB-4903-911D-1F1468DEE56D}.Release|x64.Build.0 = Release|x64
		{FA0C9EEE-FADB-4903-911D-1F1468DEE56D}.Release|x86.ActiveCfg = Release|Win32
		{FA0C9EEE-FADB-4903-911D-1F1468DEE56D}.Release|x86.Build.0 = Release|Win32
		{0D15E11A-5E64-4D87-9E20-9DBAAAF0C60F}.Debug|x64.ActiveCfg = Debug|x64
		{0D15E11A-5E64-4D87-9E20-9DBAAAF0C60F}.Debug|x64.Build.0 = Debug|x64
		{0D15E11A-5E64-4D87-9E20-9DBAAAF0C60F}.Debug|x86.ActiveCfg = Debug|Win32
		{0D15E11A-5E64-4D87-9E20-9DBAAAF0C60F}.Debug|x86.Build.0 = Debug|Win32
		{0D15E11A-5E64-4D87-9E20-9DBAAAF0C60F}.Release|x64.ActiveCfg = Release|x64
		{0D15E11A-5E64-4D87-9E20-9DBAAAF0C60F}.Release|x64.Build.0 = Release|x64
		{0D15E11A-5E64-4D87-9E20-9DBAAAF0C60F}.Release|x86.ActiveCfg = Release|Win32
		{0D15E11A-5E64-4D87-9E20-9DBAAAF0C60F}.Release|x86.Build.0 = Release|Win32
	EndGlobalSection
	GlobalSection(SolutionProperties) = preSolution
		HideSolutionNode = FALSE
	EndGlobalSection
	GlobalSection(ExtensibilityGlobals) = postSolution
		SolutionGuid = {FF7D3257-D3B3-43C4-9E59-496846B9DA93}
	EndGlobalSection
EndGlobal
